<Solution>
  <Project Path="FieldKit.AppHost/FieldKit.AppHost.csproj" />
  <Project Path="FieldKit.ArchitectureTests/FieldKit.ArchitectureTests.csproj" />
  <Project Path="FieldKit.BuildingBlocks/FieldKit.BuildingBlocks.csproj" />
  <Project Path="FieldKit.Infrastructure.Tests/FieldKit.Infrastructure.Tests.csproj" />
  <Project Path="FieldKit.Infrastructure/FieldKit.Infrastructure.csproj" />
  <Project Path="FieldKit.Modules.Configuration.Contracts/FieldKit.Modules.Configuration.Contracts.csproj" />
  <Project Path="FieldKit.Modules.Configuration/FieldKit.Modules.Configuration.csproj" />
  <Project Path="FieldKit.Modules.Iam.Contracts/FieldKit.Modules.Iam.Contracts.csproj" />
  <Project Path="FieldKit.Modules.Iam/FieldKit.Modules.Iam.csproj" />
  <Project Path="FieldKit.Modules.Journey.Contracts/FieldKit.Modules.Journey.Contracts.csproj" />
  <Project Path="FieldKit.Modules.Journey/FieldKit.Modules.Journey.csproj" />
  <Project Path="FieldKit.Modules.Org.Contracts/FieldKit.Modules.Org.Contracts.csproj" />
  <Project Path="FieldKit.Modules.Org/FieldKit.Modules.Org.csproj" />
  <Project Path="FieldKit.Modules.Outlets.Contracts/FieldKit.Modules.Outlets.Contracts.csproj" />
  <Project Path="FieldKit.Modules.Outlets/FieldKit.Modules.Outlets.csproj" />
  <Project Path="FieldKit.Modules.Products/FieldKit.Modules.Products.csproj" />
  <Project Path="FieldKit.Modules.Visit/FieldKit.Modules.Visit.csproj" />
  <Project Path="FieldKit.Modules.Visit.Contracts/FieldKit.Modules.Visit.Contracts.csproj" />
  <Project Path="FieldKit.Modules.Sync/FieldKit.Modules.Sync.csproj" />
  <Project Path="FieldKit.Server.Tests/FieldKit.Server.Tests.csproj" />
  <Project Path="FieldKit.Server/FieldKit.Server.csproj" />
  <Project Path="FieldKit.SharedKernel.Tests/FieldKit.SharedKernel.Tests.csproj" />
  <Project Path="FieldKit.SharedKernel/FieldKit.SharedKernel.csproj" />
  <Project Path="FieldKit.Web/FieldKit.Web.csproj" />
  <Project Path="frontend/frontend.esproj">
    <Build />
    <Deploy />
  </Project>
</Solution>
